
Microsoft Visual Studio Solution File, Format Version 12.00
# Visual Studio Version 16
VisualStudioVersion = 16.0.31702.278
MinimumVisualStudioVersion = 10.0.40219.1
Project("{FAE04EC0-301F-11D3-BF4B-00C04F79EFBC}") = "Metotlar", "Metotlar\Metotlar.csproj", "{E31B08A5-F328-4B1C-BFFD-8E6E439FE3D8}"
EndProject
Global
	GlobalSection(SolutionConfigurationPlatforms) = preSolution
		Debug|Any CPU = Debug|Any CPU
		Release|Any CPU = Release|Any CPU
	EndGlobalSection
	GlobalSection(ProjectConfigurationPlatforms) = postSolution
		{E31B08A5-F328-4B1C-BFFD-8E6E439FE3D8}.Debug|Any CPU.ActiveCfg = Debug|Any CPU
		{E31B08A5-F328-4B1C-BFFD-8E6E439FE3D8}.Debug|Any CPU.Build.0 = Debug|Any CPU
		{E31B08A5-F328-4B1C-BFFD-8E6E439FE3D8}.Release|Any CPU.ActiveCfg = Release|Any CPU
		{E31B08A5-F328-4B1C-BFFD-8E6E439FE3D8}.Release|Any CPU.Build.0 = Release|Any CPU
	EndGlobalSection
	GlobalSection(SolutionProperties) = preSolution
		HideSolutionNode = FALSE
	EndGlobalSection
	GlobalSection(ExtensibilityGlobals) = postSolution
		SolutionGuid = {991809C9-EC65-4F0B-8CE2-249F5F56F374}
	EndGlobalSection
EndGlobal
